
Microsoft Visual Studio Solution File, Format Version 12.00
# Visual Studio Version 16
VisualStudioVersion = 16.0.30320.27
MinimumVisualStudioVersion = 10.0.40219.1
Project("{FAE04EC0-301F-11D3-BF4B-00C04F79EFBC}") = "BridgeDesignpattern", "BridgeDesignpattern.csproj", "{A98A2859-49E9-4BC2-A61F-5307F36507B5}"
EndProject
Global
	GlobalSection(SolutionConfigurationPlatforms) = preSolution
		Debug|Any CPU = Debug|Any CPU
		Release|Any CPU = Release|Any CPU
	EndGlobalSection
	GlobalSection(ProjectConfigurationPlatforms) = postSolution
		{A98A2859-49E9-4BC2-A61F-5307F36507B5}.Debug|Any CPU.ActiveCfg = Debug|Any CPU
		{A98A2859-49E9-4BC2-A61F-5307F36507B5}.Debug|Any CPU.Build.0 = Debug|Any CPU
		{A98A2859-49E9-4BC2-A61F-5307F36507B5}.Release|Any CPU.ActiveCfg = Release|Any CPU
		{A98A2859-49E9-4BC2-A61F-5307F36507B5}.Release|Any CPU.Build.0 = Release|Any CPU
	EndGlobalSection
	GlobalSection(SolutionProperties) = preSolution
		HideSolutionNode = FALSE
	EndGlobalSection
	GlobalSection(ExtensibilityGlobals) = postSolution
		SolutionGuid = {E9343059-4558-47E3-938A-B5292BD31C1A}
	EndGlobalSection
EndGlobal
