
Microsoft Visual Studio Solution File, Format Version 12.00
# Visual Studio Version 16
VisualStudioVersion = 16.0.30406.217
MinimumVisualStudioVersion = 10.0.40219.1
Project("{FAE04EC0-301F-11D3-BF4B-00C04F79EFBC}") = "PrototypeDesignPattern", "PrototypeDesignPattern.csproj", "{483930DF-FC4D-45A3-8AF1-DB3B0A2B018B}"
EndProject
Global
	GlobalSection(SolutionConfigurationPlatforms) = preSolution
		Debug|Any CPU = Debug|Any CPU
		Release|Any CPU = Release|Any CPU
	EndGlobalSection
	GlobalSection(ProjectConfigurationPlatforms) = postSolution
		{483930DF-FC4D-45A3-8AF1-DB3B0A2B018B}.Debug|Any CPU.ActiveCfg = Debug|Any CPU
		{483930DF-FC4D-45A3-8AF1-DB3B0A2B018B}.Debug|Any CPU.Build.0 = Debug|Any CPU
		{483930DF-FC4D-45A3-8AF1-DB3B0A2B018B}.Release|Any CPU.ActiveCfg = Release|Any CPU
		{483930DF-FC4D-45A3-8AF1-DB3B0A2B018B}.Release|Any CPU.Build.0 = Release|Any CPU
	EndGlobalSection
	GlobalSection(SolutionProperties) = preSolution
		HideSolutionNode = FALSE
	EndGlobalSection
	GlobalSection(ExtensibilityGlobals) = postSolution
		SolutionGuid = {F8873E84-B275-4148-9547-FBB421AAF1EC}
	EndGlobalSection
EndGlobal
