
Microsoft Visual Studio Solution File, Format Version 12.00
# Visual Studio Version 16
VisualStudioVersion = 16.0.30406.217
MinimumVisualStudioVersion = 10.0.40219.1
Project("{FAE04EC0-301F-11D3-BF4B-00C04F79EFBC}") = "MementoDesignPattern", "MementoDesignPattern.csproj", "{0A122C41-1E41-4C83-B55A-6B3418343FB4}"
EndProject
Global
	GlobalSection(SolutionConfigurationPlatforms) = preSolution
		Debug|Any CPU = Debug|Any CPU
		Release|Any CPU = Release|Any CPU
	EndGlobalSection
	GlobalSection(ProjectConfigurationPlatforms) = postSolution
		{0A122C41-1E41-4C83-B55A-6B3418343FB4}.Debug|Any CPU.ActiveCfg = Debug|Any CPU
		{0A122C41-1E41-4C83-B55A-6B3418343FB4}.Debug|Any CPU.Build.0 = Debug|Any CPU
		{0A122C41-1E41-4C83-B55A-6B3418343FB4}.Release|Any CPU.ActiveCfg = Release|Any CPU
		{0A122C41-1E41-4C83-B55A-6B3418343FB4}.Release|Any CPU.Build.0 = Release|Any CPU
	EndGlobalSection
	GlobalSection(SolutionProperties) = preSolution
		HideSolutionNode = FALSE
	EndGlobalSection
	GlobalSection(ExtensibilityGlobals) = postSolution
		SolutionGuid = {01E14A47-62AF-401C-BF47-D738F744A789}
	EndGlobalSection
EndGlobal
