
Microsoft Visual Studio Solution File, Format Version 12.00
# Visual Studio Version 16
VisualStudioVersion = 16.0.30320.27
MinimumVisualStudioVersion = 10.0.40219.1
Project("{FAE04EC0-301F-11D3-BF4B-00C04F79EFBC}") = "ChainOfResponsibilityDesignPattern", "ChainOfResponsibilityDesignPattern.csproj", "{912E3B73-101A-4CBB-93DF-536A9456F8C0}"
EndProject
Global
	GlobalSection(SolutionConfigurationPlatforms) = preSolution
		Debug|Any CPU = Debug|Any CPU
		Release|Any CPU = Release|Any CPU
	EndGlobalSection
	GlobalSection(ProjectConfigurationPlatforms) = postSolution
		{912E3B73-101A-4CBB-93DF-536A9456F8C0}.Debug|Any CPU.ActiveCfg = Debug|Any CPU
		{912E3B73-101A-4CBB-93DF-536A9456F8C0}.Debug|Any CPU.Build.0 = Debug|Any CPU
		{912E3B73-101A-4CBB-93DF-536A9456F8C0}.Release|Any CPU.ActiveCfg = Release|Any CPU
		{912E3B73-101A-4CBB-93DF-536A9456F8C0}.Release|Any CPU.Build.0 = Release|Any CPU
	EndGlobalSection
	GlobalSection(SolutionProperties) = preSolution
		HideSolutionNode = FALSE
	EndGlobalSection
	GlobalSection(ExtensibilityGlobals) = postSolution
		SolutionGuid = {EEAD0B03-3C1B-4250-B7C8-579D069EB996}
	EndGlobalSection
EndGlobal
