
Microsoft Visual Studio Solution File, Format Version 12.00
# Visual Studio Version 16
VisualStudioVersion = 16.0.30406.217
MinimumVisualStudioVersion = 10.0.40219.1
Project("{FAE04EC0-301F-11D3-BF4B-00C04F79EFBC}") = "VisitorDesignPattern", "VisitorDesignPattern.csproj", "{F17C47D0-9B4D-44B8-BF67-47D840722FAE}"
EndProject
Global
	GlobalSection(SolutionConfigurationPlatforms) = preSolution
		Debug|Any CPU = Debug|Any CPU
		Release|Any CPU = Release|Any CPU
	EndGlobalSection
	GlobalSection(ProjectConfigurationPlatforms) = postSolution
		{F17C47D0-9B4D-44B8-BF67-47D840722FAE}.Debug|Any CPU.ActiveCfg = Debug|Any CPU
		{F17C47D0-9B4D-44B8-BF67-47D840722FAE}.Debug|Any CPU.Build.0 = Debug|Any CPU
		{F17C47D0-9B4D-44B8-BF67-47D840722FAE}.Release|Any CPU.ActiveCfg = Release|Any CPU
		{F17C47D0-9B4D-44B8-BF67-47D840722FAE}.Release|Any CPU.Build.0 = Release|Any CPU
	EndGlobalSection
	GlobalSection(SolutionProperties) = preSolution
		HideSolutionNode = FALSE
	EndGlobalSection
	GlobalSection(ExtensibilityGlobals) = postSolution
		SolutionGuid = {3AEE0B85-1C83-444D-B8DD-A1B44F84D039}
	EndGlobalSection
EndGlobal
